{
  "nodes": {
    "firefox-addons": {
      "inputs": {
        "nixpkgs": [
          "nixpkgs"
        ]
      },
      "locked": {
        "dir": "pkgs/firefox-addons",
        "lastModified": 1768363414,
        "narHash": "sha256-9LW3RqHM13WnhhpAZjZA0i/SdPAOZg4R2kG/kUD0aO0=",
        "owner": "rycee",
        "repo": "nur-expressions",
        "rev": "1abc7eea7d965009e7d7fdc683985b3245933fb3",
        "type": "gitlab"
      },
      "original": {
        "dir": "pkgs/firefox-addons",
        "owner": "rycee",
        "repo": "nur-expressions",
        "type": "gitlab"
      }
    },
    "home-manager": {
      "inputs": {
        "nixpkgs": [
          "nixpkgs"
        ]
      },
      "locked": {
        "lastModified": 1768410656,
        "narHash": "sha256-9CfEGvHgQ8KdhBI5x6RVkuvqCCM7KiVxCM1n9e3lVBA=",
        "owner": "nix-community",
        "repo": "home-manager",
        "rev": "85c83f70968516f571015e260fb21c774e586c0b",
        "type": "github"
      },
      "original": {
        "owner": "nix-community",
        "repo": "home-manager",
        "type": "github"
      }
    },
    "nixpkgs": {
      "locked": {
        "lastModified": 1768419659,
        "narHash": "sha256-hpo2aJRW/OlueSF2MlJSWFSISm6CvVBvyvNK8Z3UdL4=",
        "owner": "NixOS",
        "repo": "nixpkgs",
        "rev": "ce0985ad613483c77ec6d5abd8d975eb378e2aab",
        "type": "github"
      },
      "original": {
        "owner": "NixOS",
        "repo": "nixpkgs",
        "type": "github"
      }
    },
    "nixpkgs_2": {
      "locked": {
        "lastModified": 1762111121,
        "narHash": "sha256-4vhDuZ7OZaZmKKrnDpxLZZpGIJvAeMtK6FKLJYUtAdw=",
        "owner": "NixOS",
        "repo": "nixpkgs",
        "rev": "b3d51a0365f6695e7dd5cdf3e180604530ed33b4",
        "type": "github"
      },
      "original": {
        "owner": "NixOS",
        "ref": "nixos-unstable",
        "repo": "nixpkgs",
        "type": "github"
      }
    },
    "root": {
      "inputs": {
        "firefox-addons": "firefox-addons",
        "home-manager": "home-manager",
        "nixpkgs": "nixpkgs",
        "vicinae": "vicinae",
        "vicinae-extensions": "vicinae-extensions",
        "zen-browser": "zen-browser"
      }
    },
    "systems": {
      "locked": {
        "lastModified": 1681028828,
        "narHash": "sha256-Vy1rq5AaRuLzOxct8nz4T6wlgyUR7zLU309k9mBC768=",
        "owner": "nix-systems",
        "repo": "default",
        "rev": "da67096a3b9bf56a91d16901293e51ba5b49a27e",
        "type": "github"
      },
      "original": {
        "owner": "nix-systems",
        "repo": "default",
        "type": "github"
      }
    },
    "systems_2": {
      "locked": {
        "lastModified": 1681028828,
        "narHash": "sha256-Vy1rq5AaRuLzOxct8nz4T6wlgyUR7zLU309k9mBC768=",
        "owner": "nix-systems",
        "repo": "default",
        "rev": "da67096a3b9bf56a91d16901293e51ba5b49a27e",
        "type": "github"
      },
      "original": {
        "owner": "nix-systems",
        "repo": "default",
        "type": "github"
      }
    },
    "vicinae": {
      "inputs": {
        "nixpkgs": "nixpkgs_2",
        "systems": "systems"
      },
      "locked": {
        "lastModified": 1768039142,
        "narHash": "sha256-/0CnNbAEdMgyPlaABtgwach+M9MDIHD+A2wr90jxcHU=",
        "owner": "vicinaehq",
        "repo": "vicinae",
        "rev": "a4d6d7fa459ffe66192ff88276379246294b43c6",
        "type": "github"
      },
      "original": {
        "owner": "vicinaehq",
        "repo": "vicinae",
        "type": "github"
      }
    },
    "vicinae-extensions": {
      "inputs": {
        "nixpkgs": [
          "nixpkgs"
        ],
        "systems": "systems_2",
        "vicinae": "vicinae_2"
      },
      "locked": {
        "lastModified": 1767678555,
        "narHash": "sha256-/Yx97SOwvJXPxvv6e81j+ID87J9DQGq0QGYnmsWKoz8=",
        "owner": "vicinaehq",
        "repo": "extensions",
        "rev": "e01fe274f037e4d2b7436718258fa898f80dc4b2",
        "type": "github"
      },
      "original": {
        "owner": "vicinaehq",
        "repo": "extensions",
        "type": "github"
      }
    },
    "vicinae_2": {
      "inputs": {
        "nixpkgs": [
          "vicinae-extensions",
          "nixpkgs"
        ],
        "systems": [
          "vicinae-extensions",
          "systems"
        ]
      },
      "locked": {
        "lastModified": 1763768455,
        "narHash": "sha256-ZwqW2uH36vPUKrlbzDyz7NoFXKjJOT1Ijvlaz4sIp8E=",
        "owner": "vicinaehq",
        "repo": "vicinae",
        "rev": "5c965e0777dc4bcb01808c7f214dc56f997bd9c7",
        "type": "github"
      },
      "original": {
        "owner": "vicinaehq",
        "repo": "vicinae",
        "type": "github"
      }
    },
    "zen-browser": {
      "inputs": {
        "home-manager": [
          "home-manager"
        ],
        "nixpkgs": [
          "nixpkgs"
        ]
      },
      "locked": {
        "lastModified": 1768379550,
        "narHash": "sha256-z94S29l5V86h11LZbPIMbHTJyksDG63aqISsZkTTuJY=",
        "owner": "0xc000022070",
        "repo": "zen-browser-flake",
        "rev": "06f61b4e4f4f6ba8027c96a5611c63dc0db12b90",
        "type": "github"
      },
      "original": {
        "owner": "0xc000022070",
        "repo": "zen-browser-flake",
        "type": "github"
      }
    }
  },
  "root": "root",
  "version": 7
}
